// !$*UTF8*$!
{
	archiveVersion = 1;
	classes = {
	};
	objectVersion = 46;
	objects = {

/* Begin PBXBuildFile section */
		0146BD8E1AAEC2EA00F95285 /* main.m in Sources */ = {isa = PBXBuildFile; fileRef = 0146BD8D1AAEC2EA00F95285 /* main.m */; };
		0146BD911AAEC2EA00F95285 /* AppDelegate.m in Sources */ = {isa = PBXBuildFile; fileRef = 0146BD901AAEC2EA00F95285 /* AppDelegate.m */; };
		0146BD941AAEC2EA00F95285 /* FirstViewController.m in Sources */ = {isa = PBXBuildFile; fileRef = 0146BD931AAEC2EA00F95285 /* FirstViewController.m */; };
		0146BD971AAEC2EA00F95285 /* SecondViewController.m in Sources */ = {isa = PBXBuildFile; fileRef = 0146BD961AAEC2EA00F95285 /* SecondViewController.m */; };
		0146BD9A1AAEC2EA00F95285 /* Main.storyboard in Resources */ = {isa = PBXBuildFile; fileRef = 0146BD981AAEC2EA00F95285 /* Main.storyboard */; };
		0146BD9C1AAEC2EA00F95285 /* Images.xcassets in Resources */ = {isa = PBXBuildFile; fileRef = 0146BD9B1AAEC2EA00F95285 /* Images.xcassets */; };
		0146BD9F1AAEC2EA00F95285 /* LaunchScreen.xib in Resources */ = {isa = PBXBuildFile; fileRef = 0146BD9D1AAEC2EA00F95285 /* LaunchScreen.xib */; };
		0146BDAB1AAEC2EA00F95285 /* NaviTests.m in Sources */ = {isa = PBXBuildFile; fileRef = 0146BDAA1AAEC2EA00F95285 /* NaviTests.m */; };
/* End PBXBuildFile section */

/* Begin PBXContainerItemProxy section */
		0146BDA51AAEC2EA00F95285 /* PBXContainerItemProxy */ = {
			isa = PBXContainerItemProxy;
			containerPortal = 0146BD801AAEC2EA00F95285 /* Project object */;
			proxyType = 1;
			remoteGlobalIDString = 0146BD871AAEC2EA00F95285;
			remoteInfo = Navi;
		};
/* End PBXContainerItemProxy section */

/* Begin PBXFileReference section */
		0146BD881AAEC2EA00F95285 /* Navi.app */ = {isa = PBXFileReference; explicitFileType = wrapper.application; includeInIndex = 0; path = Navi.app; sourceTree = BUILT_PRODUCTS_DIR; };
		0146BD8C1AAEC2EA00F95285 /* Info.plist */ = {isa = PBXFileReference; lastKnownFileType = text.plist.xml; path = Info.plist; sourceTree = "<group>"; };
		0146BD8D1AAEC2EA00F95285 /* main.m */ = {isa = PBXFileReference; lastKnownFileType = sourcecode.c.objc; path = main.m; sourceTree = "<group>"; };
		0146BD8F1AAEC2EA00F95285 /* AppDelegate.h */ = {isa = PBXFileReference; lastKnownFileType = sourcecode.c.h; path = AppDelegate.h; sourceTree = "<group>"; };
		0146BD901AAEC2EA00F95285 /* AppDelegate.m */ = {isa = PBXFileReference; lastKnownFileType = sourcecode.c.objc; path = AppDelegate.m; sourceTree = "<group>"; };
		0146BD921AAEC2EA00F95285 /* FirstViewController.h */ = {isa = PBXFileReference; lastKnownFileType = sourcecode.c.h; path = FirstViewController.h; sourceTree = "<group>"; };
		0146BD931AAEC2EA00F95285 /* FirstViewController.m */ = {isa = PBXFileReference; lastKnownFileType = sourcecode.c.objc; path = FirstViewController.m; sourceTree = "<group>"; };
		0146BD951AAEC2EA00F95285 /* SecondViewController.h */ = {isa = PBXFileReference; lastKnownFileType = sourcecode.c.h; path = SecondViewController.h; sourceTree = "<group>"; };
		0146BD961AAEC2EA00F95285 /* SecondViewController.m */ = {isa = PBXFileReference; lastKnownFileType = sourcecode.c.objc; path = SecondViewController.m; sourceTree = "<group>"; };
		0146BD991AAEC2EA00F95285 /* Base */ = {isa = PBXFileReference; lastKnownFileType = file.storyboard; name = Base; path = Base.lproj/Main.storyboard; sourceTree = "<group>"; };
		0146BD9B1AAEC2EA00F95285 /* Images.xcassets */ = {isa = PBXFileReference; lastKnownFileType = folder.assetcatalog; path = Images.xcassets; sourceTree = "<group>"; };
		0146BD9E1AAEC2EA00F95285 /* Base */ = {isa = PBXFileReference; lastKnownFileType = file.xib; name = Base; path = Base.lproj/LaunchScreen.xib; sourceTree = "<group>"; };
		0146BDA41AAEC2EA00F95285 /* NaviTests.xctest */ = {isa = PBXFileReference; explicitFileType = wrapper.cfbundle; includeInIndex = 0; path = NaviTests.xctest; sourceTree = BUILT_PRODUCTS_DIR; };
		0146BDA91AAEC2EA00F95285 /* Info.plist */ = {isa = PBXFileReference; lastKnownFileType = text.plist.xml; path = Info.plist; sourceTree = "<group>"; };
		0146BDAA1AAEC2EA00F95285 /* NaviTests.m */ = {isa = PBXFileReference; lastKnownFileType = sourcecode.c.objc; path = NaviTests.m; sourceTree = "<group>"; };
/* End PBXFileReference section */

/* Begin PBXFrameworksBuildPhase section */
		0146BD851AAEC2EA00F95285 /* Frameworks */ = {
			isa = PBXFrameworksBuildPhase;
			buildActionMask = 2147483647;
			files = (
			);
			runOnlyForDeploymentPostprocessing = 0;
		};
		0146BDA11AAEC2EA00F95285 /* Frameworks */ = {
			isa = PBXFrameworksBuildPhase;
			buildActionMask = 2147483647;
			files = (
			);
			runOnlyForDeploymentPostprocessing = 0;
		};
/* End PBXFrameworksBuildPhase section */

/* Begin PBXGroup section */
		0146BD7F1AAEC2EA00F95285 = {
			isa = PBXGroup;
			children = (
				0146BD8A1AAEC2EA00F95285 /* Navi */,
				0146BDA71AAEC2EA00F95285 /* NaviTests */,
				0146BD891AAEC2EA00F95285 /* Products */,
			);
			sourceTree = "<group>";
		};
		0146BD891AAEC2EA00F95285 /* Products */ = {
			isa = PBXGroup;
			children = (
				0146BD881AAEC2EA00F95285 /* Navi.app */,
				0146BDA41AAEC2EA00F95285 /* NaviTests.xctest */,
			);
			name = Products;
			sourceTree = "<group>";
		};
		0146BD8A1AAEC2EA00F95285 /* Navi */ = {
			isa = PBXGroup;
			children = (
				0146BD8F1AAEC2EA00F95285 /* AppDelegate.h */,
				0146BD901AAEC2EA00F95285 /* AppDelegate.m */,
				0146BD921AAEC2EA00F95285 /* FirstViewController.h */,
				0146BD931AAEC2EA00F95285 /* FirstViewController.m */,
				0146BD951AAEC2EA00F95285 /* SecondViewController.h */,
				0146BD961AAEC2EA00F95285 /* SecondViewController.m */,
				0146BD981AAEC2EA00F95285 /* Main.storyboard */,
				0146BD9B1AAEC2EA00F95285 /* Images.xcassets */,
				0146BD9D1AAEC2EA00F95285 /* LaunchScreen.xib */,
				0146BD8B1AAEC2EA00F95285 /* Supporting Files */,
			);
			path = Navi;
			sourceTree = "<group>";
		};
		0146BD8B1AAEC2EA00F95285 /* Supporting Files */ = {
			isa = PBXGroup;
			children = (
				0146BD8C1AAEC2EA00F95285 /* Info.plist */,
				0146BD8D1AAEC2EA00F95285 /* main.m */,
			);
			name = "Supporting Files";
			sourceTree = "<group>";
		};
		0146BDA71AAEC2EA00F95285 /* NaviTests */ = {
			isa = PBXGroup;
			children = (
				0146BDAA1AAEC2EA00F95285 /* NaviTests.m */,
				0146BDA81AAEC2EA00F95285 /* Supporting Files */,
			);
			path = NaviTests;
			sourceTree = "<group>";
		};
		0146BDA81AAEC2EA00F95285 /* Supporting Files */ = {
			isa = PBXGroup;
			children = (
				0146BDA91AAEC2EA00F95285 /* Info.plist */,
			);
			name = "Supporting Files";
			sourceTree = "<group>";
		};
/* End PBXGroup section */

/* Begin PBXNativeTarget section */
		0146BD871AAEC2EA00F95285 /* Navi */ = {
			isa = PBXNativeTarget;
			buildConfigurationList = 0146BDAE1AAEC2EA00F95285 /* Build configuration list for PBXNativeTarget "Navi" */;
			buildPhases = (
				0146BD841AAEC2EA00F95285 /* Sources */,
				0146BD851AAEC2EA00F95285 /* Frameworks */,
				0146BD861AAEC2EA00F95285 /* Resources */,
			);
			buildRules = (
			);
			dependencies = (
			);
			name = Navi;
			productName = Navi;
			productReference = 0146BD881AAEC2EA00F95285 /* Navi.app */;
			productType = "com.apple.product-type.application";
		};
		0146BDA31AAEC2EA00F95285 /* NaviTests */ = {
			isa = PBXNativeTarget;
			buildConfigurationList = 0146BDB11AAEC2EA00F95285 /* Build configuration list for PBXNativeTarget "NaviTests" */;
			buildPhases = (
				0146BDA01AAEC2EA00F95285 /* Sources */,
				0146BDA11AAEC2EA00F95285 /* Frameworks */,
				0146BDA21AAEC2EA00F95285 /* Resources */,
			);
			buildRules = (
			);
			dependencies = (
				0146BDA61AAEC2EA00F95285 /* PBXTargetDependency */,
			);
			name = NaviTests;
			productName = NaviTests;
			productReference = 0146BDA41AAEC2EA00F95285 /* NaviTests.xctest */;
			productType = "com.apple.product-type.bundle.unit-test";
		};
/* End PBXNativeTarget section */

/* Begin PBXProject section */
		0146BD801AAEC2EA00F95285 /* Project object */ = {
			isa = PBXProject;
			attributes = {
				LastUpgradeCheck = 0610;
				ORGANIZATIONNAME = Guju;
				TargetAttributes = {
					0146BD871AAEC2EA00F95285 = {
						CreatedOnToolsVersion = 6.1.1;
					};
					0146BDA31AAEC2EA00F95285 = {
						CreatedOnToolsVersion = 6.1.1;
						TestTargetID = 0146BD871AAEC2EA00F95285;
					};
				};
			};
			buildConfigurationList = 0146BD831AAEC2EA00F95285 /* Build configuration list for PBXProject "Navi" */;
			compatibilityVersion = "Xcode 3.2";
			developmentRegion = English;
			hasScannedForEncodings = 0;
			knownRegions = (
				en,
				Base,
			);
			mainGroup = 0146BD7F1AAEC2EA00F95285;
			productRefGroup = 0146BD891AAEC2EA00F95285 /* Products */;
			projectDirPath = "";
			projectRoot = "";
			targets = (
				0146BD871AAEC2EA00F95285 /* Navi */,
				0146BDA31AAEC2EA00F95285 /* NaviTests */,
			);
		};
/* End PBXProject section */

/* Begin PBXResourcesBuildPhase section */
		0146BD861AAEC2EA00F95285 /* Resources */ = {
			isa = PBXResourcesBuildPhase;
			buildActionMask = 2147483647;
			files = (
				0146BD9A1AAEC2EA00F95285 /* Main.storyboard in Resources */,
				0146BD9F1AAEC2EA00F95285 /* LaunchScreen.xib in Resources */,
				0146BD9C1AAEC2EA00F95285 /* Images.xcassets in Resources */,
			);
			runOnlyForDeploymentPostprocessing = 0;
		};
		0146BDA21AAEC2EA00F95285 /* Resources */ = {
			isa = PBXResourcesBuildPhase;
			buildActionMask = 2147483647;
			files = (
			);
			runOnlyForDeploymentPostprocessing = 0;
		};
/* End PBXResourcesBuildPhase section */

/* Begin PBXSourcesBuildPhase section */
		0146BD841AAEC2EA00F95285 /* Sources */ = {
			isa = PBXSourcesBuildPhase;
			buildActionMask = 2147483647;
			files = (
				0146BD971AAEC2EA00F95285 /* SecondViewController.m in Sources */,
				0146BD911AAEC2EA00F95285 /* AppDelegate.m in Sources */,
				0146BD941AAEC2EA00F95285 /* FirstViewController.m in Sources */,
				0146BD8E1AAEC2EA00F95285 /* main.m in Sources */,
			);
			runOnlyForDeploymentPostprocessing = 0;
		};
		0146BDA01AAEC2EA00F95285 /* Sources */ = {
			isa = PBXSourcesBuildPhase;
			buildActionMask = 2147483647;
			files = (
				0146BDAB1AAEC2EA00F95285 /* NaviTests.m in Sources */,
			);
			runOnlyForDeploymentPostprocessing = 0;
		};
/* End PBXSourcesBuildPhase section */

/* Begin PBXTargetDependency section */
		0146BDA61AAEC2EA00F95285 /* PBXTargetDependency */ = {
			isa = PBXTargetDependency;
			target = 0146BD871AAEC2EA00F95285 /* Navi */;
			targetProxy = 0146BDA51AAEC2EA00F95285 /* PBXContainerItemProxy */;
		};
/* End PBXTargetDependency section */

/* Begin PBXVariantGroup section */
		0146BD981AAEC2EA00F95285 /* Main.storyboard */ = {
			isa = PBXVariantGroup;
			children = (
				0146BD991AAEC2EA00F95285 /* Base */,
			);
			name = Main.storyboard;
			sourceTree = "<group>";
		};
		0146BD9D1AAEC2EA00F95285 /* LaunchScreen.xib */ = {
			isa = PBXVariantGroup;
			children = (
				0146BD9E1AAEC2EA00F95285 /* Base */,
			);
			name = LaunchScreen.xib;
			sourceTree = "<group>";
		};
/* End PBXVariantGroup section */

/* Begin XCBuildConfiguration section */
		0146BDAC1AAEC2EA00F95285 /* Debug */ = {
			isa = XCBuildConfiguration;
			buildSettings = {
				ALWAYS_SEARCH_USER_PATHS = NO;
				CLANG_CXX_LANGUAGE_STANDARD = "gnu++0x";
				CLANG_CXX_LIBRARY = "libc++";
				CLANG_ENABLE_MODULES = YES;
				CLANG_ENABLE_OBJC_ARC = YES;
				CLANG_WARN_BOOL_CONVERSION = YES;
				CLANG_WARN_CONSTANT_CONVERSION = YES;
				CLANG_WARN_DIRECT_OBJC_ISA_USAGE = YES_ERROR;
				CLANG_WARN_EMPTY_BODY = YES;
				CLANG_WARN_ENUM_CONVERSION = YES;
				CLANG_WARN_INT_CONVERSION = YES;
				CLANG_WARN_OBJC_ROOT_CLASS = YES_ERROR;
				CLANG_WARN_UNREACHABLE_CODE = YES;
				CLANG_WARN__DUPLICATE_METHOD_MATCH = YES;
				"CODE_SIGN_IDENTITY[sdk=iphoneos*]" = "iPhone Developer";
				COPY_PHASE_STRIP = NO;
				ENABLE_STRICT_OBJC_MSGSEND = YES;
				GCC_C_LANGUAGE_STANDARD = gnu99;
				GCC_DYNAMIC_NO_PIC = NO;
				GCC_OPTIMIZATION_LEVEL = 0;
				GCC_PREPROCESSOR_DEFINITIONS = (
					"DEBUG=1",
					"$(inherited)",
				);
				GCC_SYMBOLS_PRIVATE_EXTERN = NO;
				GCC_WARN_64_TO_32_BIT_CONVERSION = YES;
				GCC_WARN_ABOUT_RETURN_TYPE = YES_ERROR;
				GCC_WARN_UNDECLARED_SELECTOR = YES;
				GCC_WARN_UNINITIALIZED_AUTOS = YES_AGGRESSIVE;
				GCC_WARN_UNUSED_FUNCTION = YES;
				GCC_WARN_UNUSED_VARIABLE = YES;
				IPHONEOS_DEPLOYMENT_TARGET = 8.1;
				MTL_ENABLE_DEBUG_INFO = YES;
				ONLY_ACTIVE_ARCH = YES;
				SDKROOT = iphoneos;
				TARGETED_DEVICE_FAMILY = 2;
			};
			name = Debug;
		};
		0146BDAD1AAEC2EA00F95285 /* Release */ = {
			isa = XCBuildConfiguration;
			buildSettings = {
				ALWAYS_SEARCH_USER_PATHS = NO;
				CLANG_CXX_LANGUAGE_STANDARD = "gnu++0x";
				CLANG_CXX_LIBRARY = "libc++";
				CLANG_ENABLE_MODULES = YES;
				CLANG_ENABLE_OBJC_ARC = YES;
				CLANG_WARN_BOOL_CONVERSION = YES;
				CLANG_WARN_CONSTANT_CONVERSION = YES;
				CLANG_WARN_DIRECT_OBJC_ISA_USAGE = YES_ERROR;
				CLANG_WARN_EMPTY_BODY = YES;
				CLANG_WARN_ENUM_CONVERSION = YES;
				CLANG_WARN_INT_CONVERSION = YES;
				CLANG_WARN_OBJC_ROOT_CLASS = YES_ERROR;
				CLANG_WARN_UNREACHABLE_CODE = YES;
				CLANG_WARN__DUPLICATE_METHOD_MATCH = YES;
				"CODE_SIGN_IDENTITY[sdk=iphoneos*]" = "iPhone Developer";
				COPY_PHASE_STRIP = YES;
				ENABLE_NS_ASSERTIONS = NO;
				ENABLE_STRICT_OBJC_MSGSEND = YES;
				GCC_C_LANGUAGE_STANDARD = gnu99;
				GCC_WARN_64_TO_32_BIT_CONVERSION = YES;
				GCC_WARN_ABOUT_RETURN_TYPE = YES_ERROR;
				GCC_WARN_UNDECLARED_SELECTOR = YES;
				GCC_WARN_UNINITIALIZED_AUTOS = YES_AGGRESSIVE;
				GCC_WARN_UNUSED_FUNCTION = YES;
				GCC_WARN_UNUSED_VARIABLE = YES;
				IPHONEOS_DEPLOYMENT_TARGET = 8.1;
				MTL_ENABLE_DEBUG_INFO = NO;
				SDKROOT = iphoneos;
				TARGETED_DEVICE_FAMILY = 2;
				VALIDATE_PRODUCT = YES;
			};
			name = Release;
		};
		0146BDAF1AAEC2EA00F95285 /* Debug */ = {
			isa = XCBuildConfiguration;
			buildSettings = {
				ASSETCATALOG_COMPILER_APPICON_NAME = AppIcon;
				INFOPLIST_FILE = Navi/Info.plist;
				LD_RUNPATH_SEARCH_PATHS = "$(inherited) @executable_path/Frameworks";
				PRODUCT_NAME = "$(TARGET_NAME)";
			};
			name = Debug;
		};
		0146BDB01AAEC2EA00F95285 /* Release */ = {
			isa = XCBuildConfiguration;
			buildSettings = {
				ASSETCATALOG_COMPILER_APPICON_NAME = AppIcon;
				INFOPLIST_FILE = Navi/Info.plist;
				LD_RUNPATH_SEARCH_PATHS = "$(inherited) @executable_path/Frameworks";
				PRODUCT_NAME = "$(TARGET_NAME)";
			};
			name = Release;
		};
		0146BDB21AAEC2EA00F95285 /* Debug */ = {
			isa = XCBuildConfiguration;
			buildSettings = {
				BUNDLE_LOADER = "$(TEST_HOST)";
				FRAMEWORK_SEARCH_PATHS = (
					"$(SDKROOT)/Developer/Library/Frameworks",
					"$(inherited)",
				);
				GCC_PREPROCESSOR_DEFINITIONS = (
					"DEBUG=1",
					"$(inherited)",
				);
				INFOPLIST_FILE = NaviTests/Info.plist;
				LD_RUNPATH_SEARCH_PATHS = "$(inherited) @executable_path/Frameworks @loader_path/Frameworks";
				PRODUCT_NAME = "$(TARGET_NAME)";
				TEST_HOST = "$(BUILT_PRODUCTS_DIR)/Navi.app/Navi";
			};
			name = Debug;
		};
		0146BDB31AAEC2EA00F95285 /* Release */ = {
			isa = XCBuildConfiguration;
			buildSettings = {
				BUNDLE_LOADER = "$(TEST_HOST)";
				FRAMEWORK_SEARCH_PATHS = (
					"$(SDKROOT)/Developer/Library/Frameworks",
					"$(inherited)",
				);
				INFOPLIST_FILE = NaviTests/Info.plist;
				LD_RUNPATH_SEARCH_PATHS = "$(inherited) @executable_path/Frameworks @loader_path/Frameworks";
				PRODUCT_NAME = "$(TARGET_NAME)";
				TEST_HOST = "$(BUILT_PRODUCTS_DIR)/Navi.app/Navi";
			};
			name = Release;
		};
/* End XCBuildConfiguration section */

/* Begin XCConfigurationList section */
		0146BD831AAEC2EA00F95285 /* Build configuration list for PBXProject "Navi" */ = {
			isa = XCConfigurationList;
			buildConfigurations = (
				0146BDAC1AAEC2EA00F95285 /* Debug */,
				0146BDAD1AAEC2EA00F95285 /* Release */,
			);
			defaultConfigurationIsVisible = 0;
			defaultConfigurationName = Release;
		};
		0146BDAE1AAEC2EA00F95285 /* Build configuration list for PBXNativeTarget "Navi" */ = {
			isa = XCConfigurationList;
			buildConfigurations = (
				0146BDAF1AAEC2EA00F95285 /* Debug */,
				0146BDB01AAEC2EA00F95285 /* Release */,
			);
			defaultConfigurationIsVisible = 0;
		};
		0146BDB11AAEC2EA00F95285 /* Build configuration list for PBXNativeTarget "NaviTests" */ = {
			isa = XCConfigurationList;
			buildConfigurations = (
				0146BDB21AAEC2EA00F95285 /* Debug */,
				0146BDB31AAEC2EA00F95285 /* Release */,
			);
			defaultConfigurationIsVisible = 0;
		};
/* End XCConfigurationList section */
	};
	rootObject = 0146BD801AAEC2EA00F95285 /* Project object */;
}
